
Microsoft Visual Studio Solution File, Format Version 12.00
# Visual Studio Version 17
VisualStudioVersion = 17.13.35825.156 d17.13
MinimumVisualStudioVersion = 10.0.40219.1
Project("{FAE04EC0-301F-11D3-BF4B-00C04F79EFBC}") = "exercicio1156", "exercicio1156.csproj", "{1FCF6902-0C37-47E8-9CC0-FFAE7C0997DD}"
EndProject
Global
	GlobalSection(SolutionConfigurationPlatforms) = preSolution
		Debug|Any CPU = Debug|Any CPU
		Release|Any CPU = Release|Any CPU
	EndGlobalSection
	GlobalSection(ProjectConfigurationPlatforms) = postSolution
		{1FCF6902-0C37-47E8-9CC0-FFAE7C0997DD}.Debug|Any CPU.ActiveCfg = Debug|Any CPU
		{1FCF6902-0C37-47E8-9CC0-FFAE7C0997DD}.Debug|Any CPU.Build.0 = Debug|Any CPU
		{1FCF6902-0C37-47E8-9CC0-FFAE7C0997DD}.Release|Any CPU.ActiveCfg = Release|Any CPU
		{1FCF6902-0C37-47E8-9CC0-FFAE7C0997DD}.Release|Any CPU.Build.0 = Release|Any CPU
	EndGlobalSection
	GlobalSection(SolutionProperties) = preSolution
		HideSolutionNode = FALSE
	EndGlobalSection
	GlobalSection(ExtensibilityGlobals) = postSolution
		SolutionGuid = {EC4F5212-621E-4092-8175-13DEB901D549}
	EndGlobalSection
EndGlobal
