
Microsoft Visual Studio Solution File, Format Version 12.00
# Visual Studio Version 17
VisualStudioVersion = 17.13.35825.156 d17.13
MinimumVisualStudioVersion = 10.0.40219.1
Project("{FAE04EC0-301F-11D3-BF4B-00C04F79EFBC}") = "exercicio1132", "exercicio1132.csproj", "{047243AF-B9CB-4203-B817-253338AE06CD}"
EndProject
Global
	GlobalSection(SolutionConfigurationPlatforms) = preSolution
		Debug|Any CPU = Debug|Any CPU
		Release|Any CPU = Release|Any CPU
	EndGlobalSection
	GlobalSection(ProjectConfigurationPlatforms) = postSolution
		{047243AF-B9CB-4203-B817-253338AE06CD}.Debug|Any CPU.ActiveCfg = Debug|Any CPU
		{047243AF-B9CB-4203-B817-253338AE06CD}.Debug|Any CPU.Build.0 = Debug|Any CPU
		{047243AF-B9CB-4203-B817-253338AE06CD}.Release|Any CPU.ActiveCfg = Release|Any CPU
		{047243AF-B9CB-4203-B817-253338AE06CD}.Release|Any CPU.Build.0 = Release|Any CPU
	EndGlobalSection
	GlobalSection(SolutionProperties) = preSolution
		HideSolutionNode = FALSE
	EndGlobalSection
	GlobalSection(ExtensibilityGlobals) = postSolution
		SolutionGuid = {B8F770F6-FBE6-4E0A-8111-78454929B463}
	EndGlobalSection
EndGlobal
