
Microsoft Visual Studio Solution File, Format Version 12.00
# Visual Studio Version 17
VisualStudioVersion = 17.13.35825.156 d17.13
MinimumVisualStudioVersion = 10.0.40219.1
Project("{FAE04EC0-301F-11D3-BF4B-00C04F79EFBC}") = "exercicio1116", "exercicio1116.csproj", "{DC6FBA02-28BC-4DBA-8136-E347D13D2534}"
EndProject
Global
	GlobalSection(SolutionConfigurationPlatforms) = preSolution
		Debug|Any CPU = Debug|Any CPU
		Release|Any CPU = Release|Any CPU
	EndGlobalSection
	GlobalSection(ProjectConfigurationPlatforms) = postSolution
		{DC6FBA02-28BC-4DBA-8136-E347D13D2534}.Debug|Any CPU.ActiveCfg = Debug|Any CPU
		{DC6FBA02-28BC-4DBA-8136-E347D13D2534}.Debug|Any CPU.Build.0 = Debug|Any CPU
		{DC6FBA02-28BC-4DBA-8136-E347D13D2534}.Release|Any CPU.ActiveCfg = Release|Any CPU
		{DC6FBA02-28BC-4DBA-8136-E347D13D2534}.Release|Any CPU.Build.0 = Release|Any CPU
	EndGlobalSection
	GlobalSection(SolutionProperties) = preSolution
		HideSolutionNode = FALSE
	EndGlobalSection
	GlobalSection(ExtensibilityGlobals) = postSolution
		SolutionGuid = {B7D16047-EE1B-4066-89EA-F87676CECABF}
	EndGlobalSection
EndGlobal
